<Solution>
  <Folder Name="/src/">
    <Project Path="src/CaeManager.Application/CaeManager.Application.csproj" />
    <Project Path="src/CaeManager.Domain/CaeManager.Domain.csproj" />
    <Project Path="src/CaeManager.Infrastructure/CaeManager.Infrastructure.csproj" />
    <Project Path="src/CaeManager.Migrations.PostgreSQL/CaeManager.Migrations.PostgreSQL.csproj" />
    <Project Path="src/CaeManager.Web/CaeManager.Web.csproj" />
  </Folder>
  <Folder Name="/tests/">
    <Project Path="tests/CaeManager.Application.Tests/CaeManager.Application.Tests.csproj" />
    <Project Path="tests/CaeManager.Domain.Tests/CaeManager.Domain.Tests.csproj" />
    <Project Path="tests/CaeManager.E2ETests/CaeManager.E2ETests.csproj" />
    <Project Path="tests/CaeManager.IntegrationTests/CaeManager.IntegrationTests.csproj" />
    <Project Path="tests/CaeManager.Web.Tests/CaeManager.Web.Tests.csproj" />
  </Folder>
</Solution>
